
Microsoft Visual Studio Solution File, Format Version 12.00
# Visual Studio 15
VisualStudioVersion = 15.0.26430.16
MinimumVisualStudioVersion = 10.0.40219.1
Project("{FAE04EC0-301F-11D3-BF4B-00C04F79EFBC}") = "CurtainFireMakerPlugin", "CurtainFireMakerPlugin\CurtainFireMakerPlugin.csproj", "{CC28360B-AB53-4D9F-BED6-74E652C9CED0}"
EndProject
Project("{FAE04EC0-301F-11D3-BF4B-00C04F79EFBC}") = "CsPmx", "CsPmx\CsPmx.csproj", "{92CAD24B-572D-430D-8157-B9CB8E56D9E5}"
EndProject
Project("{FAE04EC0-301F-11D3-BF4B-00C04F79EFBC}") = "CsVmd", "CsVmd\CsVmd.csproj", "{1A7FF11C-E657-44FD-8A31-12117A755AE9}"
EndProject
Project("{FAE04EC0-301F-11D3-BF4B-00C04F79EFBC}") = "VecMath", "VecMath\VecMath.csproj", "{454BE0AA-4FAB-4DF4-842A-DA450652C5EC}"
EndProject
Project("{888888A0-9F3D-457C-B088-3A5042F75D52}") = "CurtainFireScript", "CurtainFireScript\CurtainFireScript.pyproj", "{B12E942B-A8AC-41E3-9840-A9A0D67531DC}"
EndProject
Global
	GlobalSection(SolutionConfigurationPlatforms) = preSolution
		Debug|Any CPU = Debug|Any CPU
		Debug|ARM = Debug|ARM
		Debug|x64 = Debug|x64
		Debug|x86 = Debug|x86
		Release|Any CPU = Release|Any CPU
		Release|ARM = Release|ARM
		Release|x64 = Release|x64
		Release|x86 = Release|x86
	EndGlobalSection
	GlobalSection(ProjectConfigurationPlatforms) = postSolution
		{CC28360B-AB53-4D9F-BED6-74E652C9CED0}.Debug|Any CPU.ActiveCfg = Debug|Any CPU
		{CC28360B-AB53-4D9F-BED6-74E652C9CED0}.Debug|Any CPU.Build.0 = Debug|Any CPU
		{CC28360B-AB53-4D9F-BED6-74E652C9CED0}.Debug|ARM.ActiveCfg = Debug|Any CPU
		{CC28360B-AB53-4D9F-BED6-74E652C9CED0}.Debug|ARM.Build.0 = Debug|Any CPU
		{CC28360B-AB53-4D9F-BED6-74E652C9CED0}.Debug|x64.ActiveCfg = Debug|Any CPU
		{CC28360B-AB53-4D9F-BED6-74E652C9CED0}.Debug|x64.Build.0 = Debug|Any CPU
		{CC28360B-AB53-4D9F-BED6-74E652C9CED0}.Debug|x86.ActiveCfg = Debug|Any CPU
		{CC28360B-AB53-4D9F-BED6-74E652C9CED0}.Debug|x86.Build.0 = Debug|Any CPU
		{CC28360B-AB53-4D9F-BED6-74E652C9CED0}.Release|Any CPU.ActiveCfg = Release|Any CPU
		{CC28360B-AB53-4D9F-BED6-74E652C9CED0}.Release|Any CPU.Build.0 = Release|Any CPU
		{CC28360B-AB53-4D9F-BED6-74E652C9CED0}.Release|ARM.ActiveCfg = Release|Any CPU
		{CC28360B-AB53-4D9F-BED6-74E652C9CED0}.Release|ARM.Build.0 = Release|Any CPU
		{CC28360B-AB53-4D9F-BED6-74E652C9CED0}.Release|x64.ActiveCfg = Release|Any CPU
		{CC28360B-AB53-4D9F-BED6-74E652C9CED0}.Release|x64.Build.0 = Release|Any CPU
		{CC28360B-AB53-4D9F-BED6-74E652C9CED0}.Release|x86.ActiveCfg = Release|Any CPU
		{CC28360B-AB53-4D9F-BED6-74E652C9CED0}.Release|x86.Build.0 = Release|Any CPU
		{92CAD24B-572D-430D-8157-B9CB8E56D9E5}.Debug|Any CPU.ActiveCfg = Debug|Any CPU
		{92CAD24B-572D-430D-8157-B9CB8E56D9E5}.Debug|Any CPU.Build.0 = Debug|Any CPU
		{92CAD24B-572D-430D-8157-B9CB8E56D9E5}.Debug|ARM.ActiveCfg = Debug|Any CPU
		{92CAD24B-572D-430D-8157-B9CB8E56D9E5}.Debug|ARM.Build.0 = Debug|Any CPU
		{92CAD24B-572D-430D-8157-B9CB8E56D9E5}.Debug|x64.ActiveCfg = Debug|Any CPU
		{92CAD24B-572D-430D-8157-B9CB8E56D9E5}.Debug|x64.Build.0 = Debug|Any CPU
		{92CAD24B-572D-430D-8157-B9CB8E56D9E5}.Debug|x86.ActiveCfg = Debug|Any CPU
		{92CAD24B-572D-430D-8157-B9CB8E56D9E5}.Debug|x86.Build.0 = Debug|Any CPU
		{92CAD24B-572D-430D-8157-B9CB8E56D9E5}.Release|Any CPU.ActiveCfg = Release|Any CPU
		{92CAD24B-572D-430D-8157-B9CB8E56D9E5}.Release|Any CPU.Build.0 = Release|Any CPU
		{92CAD24B-572D-430D-8157-B9CB8E56D9E5}.Release|ARM.ActiveCfg = Release|Any CPU
		{92CAD24B-572D-430D-8157-B9CB8E56D9E5}.Release|ARM.Build.0 = Release|Any CPU
		{92CAD24B-572D-430D-8157-B9CB8E56D9E5}.Release|x64.ActiveCfg = Release|Any CPU
		{92CAD24B-572D-430D-8157-B9CB8E56D9E5}.Release|x64.Build.0 = Release|Any CPU
		{92CAD24B-572D-430D-8157-B9CB8E56D9E5}.Release|x86.ActiveCfg = Release|Any CPU
		{92CAD24B-572D-430D-8157-B9CB8E56D9E5}.Release|x86.Build.0 = Release|Any CPU
		{1A7FF11C-E657-44FD-8A31-12117A755AE9}.Debug|Any CPU.ActiveCfg = Debug|Any CPU
		{1A7FF11C-E657-44FD-8A31-12117A755AE9}.Debug|Any CPU.Build.0 = Debug|Any CPU
		{1A7FF11C-E657-44FD-8A31-12117A755AE9}.Debug|ARM.ActiveCfg = Debug|Any CPU
		{1A7FF11C-E657-44FD-8A31-12117A755AE9}.Debug|ARM.Build.0 = Debug|Any CPU
		{1A7FF11C-E657-44FD-8A31-12117A755AE9}.Debug|x64.ActiveCfg = Debug|Any CPU
		{1A7FF11C-E657-44FD-8A31-12117A755AE9}.Debug|x64.Build.0 = Debug|Any CPU
		{1A7FF11C-E657-44FD-8A31-12117A755AE9}.Debug|x86.ActiveCfg = Debug|Any CPU
		{1A7FF11C-E657-44FD-8A31-12117A755AE9}.Debug|x86.Build.0 = Debug|Any CPU
		{1A7FF11C-E657-44FD-8A31-12117A755AE9}.Release|Any CPU.ActiveCfg = Release|Any CPU
		{1A7FF11C-E657-44FD-8A31-12117A755AE9}.Release|Any CPU.Build.0 = Release|Any CPU
		{1A7FF11C-E657-44FD-8A31-12117A755AE9}.Release|ARM.ActiveCfg = Release|Any CPU
		{1A7FF11C-E657-44FD-8A31-12117A755AE9}.Release|ARM.Build.0 = Release|Any CPU
		{1A7FF11C-E657-44FD-8A31-12117A755AE9}.Release|x64.ActiveCfg = Release|Any CPU
		{1A7FF11C-E657-44FD-8A31-12117A755AE9}.Release|x64.Build.0 = Release|Any CPU
		{1A7FF11C-E657-44FD-8A31-12117A755AE9}.Release|x86.ActiveCfg = Release|Any CPU
		{1A7FF11C-E657-44FD-8A31-12117A755AE9}.Release|x86.Build.0 = Release|Any CPU
		{454BE0AA-4FAB-4DF4-842A-DA450652C5EC}.Debug|Any CPU.ActiveCfg = Debug|Any CPU
		{454BE0AA-4FAB-4DF4-842A-DA450652C5EC}.Debug|Any CPU.Build.0 = Debug|Any CPU
		{454BE0AA-4FAB-4DF4-842A-DA450652C5EC}.Debug|ARM.ActiveCfg = Debug|Any CPU
		{454BE0AA-4FAB-4DF4-842A-DA450652C5EC}.Debug|ARM.Build.0 = Debug|Any CPU
		{454BE0AA-4FAB-4DF4-842A-DA450652C5EC}.Debug|x64.ActiveCfg = Debug|Any CPU
		{454BE0AA-4FAB-4DF4-842A-DA450652C5EC}.Debug|x64.Build.0 = Debug|Any CPU
		{454BE0AA-4FAB-4DF4-842A-DA450652C5EC}.Debug|x86.ActiveCfg = Debug|Any CPU
		{454BE0AA-4FAB-4DF4-842A-DA450652C5EC}.Debug|x86.Build.0 = Debug|Any CPU
		{454BE0AA-4FAB-4DF4-842A-DA450652C5EC}.Release|Any CPU.ActiveCfg = Release|Any CPU
		{454BE0AA-4FAB-4DF4-842A-DA450652C5EC}.Release|Any CPU.Build.0 = Release|Any CPU
		{454BE0AA-4FAB-4DF4-842A-DA450652C5EC}.Release|ARM.ActiveCfg = Release|Any CPU
		{454BE0AA-4FAB-4DF4-842A-DA450652C5EC}.Release|ARM.Build.0 = Release|Any CPU
		{454BE0AA-4FAB-4DF4-842A-DA450652C5EC}.Release|x64.ActiveCfg = Release|Any CPU
		{454BE0AA-4FAB-4DF4-842A-DA450652C5EC}.Release|x64.Build.0 = Release|Any CPU
		{454BE0AA-4FAB-4DF4-842A-DA450652C5EC}.Release|x86.ActiveCfg = Release|Any CPU
		{454BE0AA-4FAB-4DF4-842A-DA450652C5EC}.Release|x86.Build.0 = Release|Any CPU
		{B12E942B-A8AC-41E3-9840-A9A0D67531DC}.Debug|Any CPU.ActiveCfg = Debug|Any CPU
		{B12E942B-A8AC-41E3-9840-A9A0D67531DC}.Debug|ARM.ActiveCfg = Debug|Any CPU
		{B12E942B-A8AC-41E3-9840-A9A0D67531DC}.Debug|x64.ActiveCfg = Debug|Any CPU
		{B12E942B-A8AC-41E3-9840-A9A0D67531DC}.Debug|x86.ActiveCfg = Debug|Any CPU
		{B12E942B-A8AC-41E3-9840-A9A0D67531DC}.Release|Any CPU.ActiveCfg = Release|Any CPU
		{B12E942B-A8AC-41E3-9840-A9A0D67531DC}.Release|ARM.ActiveCfg = Release|Any CPU
		{B12E942B-A8AC-41E3-9840-A9A0D67531DC}.Release|x64.ActiveCfg = Release|Any CPU
		{B12E942B-A8AC-41E3-9840-A9A0D67531DC}.Release|x86.ActiveCfg = Release|Any CPU
	EndGlobalSection
	GlobalSection(SolutionProperties) = preSolution
		HideSolutionNode = FALSE
	EndGlobalSection
EndGlobal
